# THIS IS AN AUTOGENERATED FILE. DO NOT EDIT THIS FILE DIRECTLY.
# yarn lockfile v1


react-hook-form@^7.34.2:
  version "7.34.2"
  resolved "https://registry.yarnpkg.com/react-hook-form/-/react-hook-form-7.34.2.tgz#9ac6d1a309a7c4aaa369d1269357a70e9e9bf4de"
  integrity sha512-1lYWbEqr0GW7HHUjMScXMidGvV0BE2RJV3ap2BL7G0EJirkqpccTaawbsvBO8GZaB3JjCeFBEbnEWI1P8ZoLRQ==
